
Microsoft Visual Studio Solution File, Format Version 12.00
# Visual Studio Version 16
VisualStudioVersion = 16.0.35425.106
MinimumVisualStudioVersion = 10.0.40219.1
Project("{FAE04EC0-301F-11D3-BF4B-00C04F79EFBC}") = "OVSP", "OVSP\OVSP.csproj", "{0F0B512D-3694-474E-9073-374115B2FE8B}"
EndProject
Global
	GlobalSection(SolutionConfigurationPlatforms) = preSolution
		Debug|Any CPU = Debug|Any CPU
		Release|Any CPU = Release|Any CPU
	EndGlobalSection
	GlobalSection(ProjectConfigurationPlatforms) = postSolution
		{0F0B512D-3694-474E-9073-374115B2FE8B}.Debug|Any CPU.ActiveCfg = Debug|Any CPU
		{0F0B512D-3694-474E-9073-374115B2FE8B}.Debug|Any CPU.Build.0 = Debug|Any CPU
		{0F0B512D-3694-474E-9073-374115B2FE8B}.Release|Any CPU.ActiveCfg = Release|Any CPU
		{0F0B512D-3694-474E-9073-374115B2FE8B}.Release|Any CPU.Build.0 = Release|Any CPU
	EndGlobalSection
	GlobalSection(SolutionProperties) = preSolution
		HideSolutionNode = FALSE
	EndGlobalSection
	GlobalSection(ExtensibilityGlobals) = postSolution
		SolutionGuid = {D5249EB4-F48D-449A-A16D-BB91557DD26F}
	EndGlobalSection
EndGlobal
